
Microsoft Visual Studio Solution File, Format Version 12.00
Project("{FAE04EC0-301F-11D3-BF4B-00C04F79EFBC}") = "ExchangeRateMonitor", "src\monitor\ExchangeRateMonitor.csproj", "{718BEA97-1C76-4679-959A-1CFE6343D860}"
EndProject
Project("{2150E333-8FDC-42A3-9474-1A3956D46DE8}") = "src", "src", "{1CCE9D3A-75CC-4CE3-A52A-F30C250305B2}"
EndProject
Project("{2150E333-8FDC-42A3-9474-1A3956D46DE8}") = "tests", "tests", "{C0EFD65E-2B1B-489C-B6F1-C3E700CA9841}"
EndProject
Project("{2150E333-8FDC-42A3-9474-1A3956D46DE8}") = "finance", "finance", "{E06F2390-5AED-4924-880F-B02F689892F2}"
EndProject
Project("{2150E333-8FDC-42A3-9474-1A3956D46DE8}") = "user", "user", "{5B182F77-EC12-48E5-8DEB-A813FB12C1FE}"
EndProject
Project("{FAE04EC0-301F-11D3-BF4B-00C04F79EFBC}") = "ExchangeRateViewer.Users.Api", "src\user\ExchangeRateViewer.Users.Api\ExchangeRateViewer.Users.Api.csproj", "{51862EB0-076D-4833-9E85-32BC20C9B723}"
EndProject
Project("{FAE04EC0-301F-11D3-BF4B-00C04F79EFBC}") = "ExchangeRateViewer.Users.Application", "src\user\ExchangeRateViewer.Users.Application\ExchangeRateViewer.Users.Application.csproj", "{3A537FDB-D609-459A-902A-63838E9D707C}"
EndProject
Project("{2150E333-8FDC-42A3-9474-1A3956D46DE8}") = "shared", "shared", "{F1848E52-4730-4BC2-8E6A-286DC07A5D5E}"
EndProject
Project("{FAE04EC0-301F-11D3-BF4B-00C04F79EFBC}") = "ExchangeRateViewer.Shared.Cqrs", "src\shared\ExchangeRateViewer.Shared.Cqrs\ExchangeRateViewer.Shared.Cqrs.csproj", "{6E10E731-4B16-493E-81BF-4963E24A1DA8}"
EndProject
Project("{FAE04EC0-301F-11D3-BF4B-00C04F79EFBC}") = "ExchangeRateViewer.ApiGateway", "src\gateway\ExchangeRateViewer.ApiGateway.csproj", "{81050BF6-4558-4060-A6B8-7B24AC4C8D59}"
EndProject
Project("{FAE04EC0-301F-11D3-BF4B-00C04F79EFBC}") = "ExchangeRateViewer.Finance.Api", "src\finance\ExchangeRateViewer.Finance.Api\ExchangeRateViewer.Finance.Api.csproj", "{331CD993-97F3-480F-AA8D-B4684C6BB530}"
EndProject
Project("{FAE04EC0-301F-11D3-BF4B-00C04F79EFBC}") = "ExchangeRateViewer.Users.Domain", "src\user\ExchangeRateViewer.Users.Domain\ExchangeRateViewer.Users.Domain.csproj", "{218B87B0-B947-44C5-81D8-B65EDD06B44B}"
EndProject
Project("{FAE04EC0-301F-11D3-BF4B-00C04F79EFBC}") = "ExchangeRateViewer.Users.Infrastructure", "src\user\ExchangeRateViewer.Users.Infrastructure\ExchangeRateViewer.Users.Infrastructure.csproj", "{7FCB3C55-4054-4559-96F3-F785AA3C8BEF}"
EndProject
Project("{FAE04EC0-301F-11D3-BF4B-00C04F79EFBC}") = "ExchangeRateViewer.Shared.Kernel", "src\shared\ExchangeRateViewer.Shared.Kernel\ExchangeRateViewer.Shared.Kernel.csproj", "{EF2F11D7-4EE5-4FFC-8EBD-BA2D027FA726}"
EndProject
Project("{FAE04EC0-301F-11D3-BF4B-00C04F79EFBC}") = "ExchangeRateViewer.Finance.Application", "src\finance\ExchangeRateViewer.Finance.Application\ExchangeRateViewer.Finance.Application.csproj", "{532727F4-9A8C-4670-A09C-E73858CCE013}"
EndProject
Project("{FAE04EC0-301F-11D3-BF4B-00C04F79EFBC}") = "ExchangeRateViewer.Finance.Domain", "src\finance\ExchangeRateViewer.Finance.Domain\ExchangeRateViewer.Finance.Domain.csproj", "{F7978009-F48C-481F-9A04-BDD55CF1E053}"
EndProject
Project("{FAE04EC0-301F-11D3-BF4B-00C04F79EFBC}") = "ExchangeRateViewer.Finance.Infrastructure", "src\finance\ExchangeRateViewer.Finance.Infrastructure\ExchangeRateViewer.Finance.Infrastructure.csproj", "{589B9A54-543D-4D1A-841C-3F6B8F500EDF}"
EndProject
Project("{FAE04EC0-301F-11D3-BF4B-00C04F79EFBC}") = "ExchangeRateViewer.Migrator", "src\migrator\ExchangeRateViewer.Migrator.csproj", "{DFB0A4AB-A352-4C91-9B3E-4344A6D62619}"
EndProject
Project("{2150E333-8FDC-42A3-9474-1A3956D46DE8}") = "finance", "finance", "{BAD50CAE-21CB-46D9-A0AE-8EE36F870FE8}"
EndProject
Project("{2150E333-8FDC-42A3-9474-1A3956D46DE8}") = "user", "user", "{47D46994-CEF9-4513-B87E-1C8255661FE5}"
EndProject
Project("{FAE04EC0-301F-11D3-BF4B-00C04F79EFBC}") = "ExchangeRateViewer.Finance.UnitTests", "tests\finance\ExchangeRateViewer.Finance.UnitTests\ExchangeRateViewer.Finance.UnitTests.csproj", "{0E6413B4-A977-4539-ADBA-4EEA0E6E9DAD}"
EndProject
Project("{FAE04EC0-301F-11D3-BF4B-00C04F79EFBC}") = "ExchangeRateViewer.User.UnitTests", "tests\user\ExchangeRateViewer.User.UnitTests\ExchangeRateViewer.User.UnitTests.csproj", "{797AFD0E-6802-4C03-81B8-4A863B8EF413}"
EndProject
Global
	GlobalSection(SolutionConfigurationPlatforms) = preSolution
		Debug|Any CPU = Debug|Any CPU
		Debug|x64 = Debug|x64
		Debug|x86 = Debug|x86
		Release|Any CPU = Release|Any CPU
		Release|x64 = Release|x64
		Release|x86 = Release|x86
	EndGlobalSection
	GlobalSection(ProjectConfigurationPlatforms) = postSolution
		{718BEA97-1C76-4679-959A-1CFE6343D860}.Debug|Any CPU.ActiveCfg = Debug|Any CPU
		{718BEA97-1C76-4679-959A-1CFE6343D860}.Debug|Any CPU.Build.0 = Debug|Any CPU
		{718BEA97-1C76-4679-959A-1CFE6343D860}.Debug|x64.ActiveCfg = Debug|Any CPU
		{718BEA97-1C76-4679-959A-1CFE6343D860}.Debug|x64.Build.0 = Debug|Any CPU
		{718BEA97-1C76-4679-959A-1CFE6343D860}.Debug|x86.ActiveCfg = Debug|Any CPU
		{718BEA97-1C76-4679-959A-1CFE6343D860}.Debug|x86.Build.0 = Debug|Any CPU
		{718BEA97-1C76-4679-959A-1CFE6343D860}.Release|Any CPU.ActiveCfg = Release|Any CPU
		{718BEA97-1C76-4679-959A-1CFE6343D860}.Release|Any CPU.Build.0 = Release|Any CPU
		{718BEA97-1C76-4679-959A-1CFE6343D860}.Release|x64.ActiveCfg = Release|Any CPU
		{718BEA97-1C76-4679-959A-1CFE6343D860}.Release|x64.Build.0 = Release|Any CPU
		{718BEA97-1C76-4679-959A-1CFE6343D860}.Release|x86.ActiveCfg = Release|Any CPU
		{718BEA97-1C76-4679-959A-1CFE6343D860}.Release|x86.Build.0 = Release|Any CPU
		{51862EB0-076D-4833-9E85-32BC20C9B723}.Debug|Any CPU.ActiveCfg = Debug|Any CPU
		{51862EB0-076D-4833-9E85-32BC20C9B723}.Debug|Any CPU.Build.0 = Debug|Any CPU
		{51862EB0-076D-4833-9E85-32BC20C9B723}.Debug|x64.ActiveCfg = Debug|Any CPU
		{51862EB0-076D-4833-9E85-32BC20C9B723}.Debug|x64.Build.0 = Debug|Any CPU
		{51862EB0-076D-4833-9E85-32BC20C9B723}.Debug|x86.ActiveCfg = Debug|Any CPU
		{51862EB0-076D-4833-9E85-32BC20C9B723}.Debug|x86.Build.0 = Debug|Any CPU
		{51862EB0-076D-4833-9E85-32BC20C9B723}.Release|Any CPU.ActiveCfg = Release|Any CPU
		{51862EB0-076D-4833-9E85-32BC20C9B723}.Release|Any CPU.Build.0 = Release|Any CPU
		{51862EB0-076D-4833-9E85-32BC20C9B723}.Release|x64.ActiveCfg = Release|Any CPU
		{51862EB0-076D-4833-9E85-32BC20C9B723}.Release|x64.Build.0 = Release|Any CPU
		{51862EB0-076D-4833-9E85-32BC20C9B723}.Release|x86.ActiveCfg = Release|Any CPU
		{51862EB0-076D-4833-9E85-32BC20C9B723}.Release|x86.Build.0 = Release|Any CPU
		{3A537FDB-D609-459A-902A-63838E9D707C}.Debug|Any CPU.ActiveCfg = Debug|Any CPU
		{3A537FDB-D609-459A-902A-63838E9D707C}.Debug|Any CPU.Build.0 = Debug|Any CPU
		{3A537FDB-D609-459A-902A-63838E9D707C}.Debug|x64.ActiveCfg = Debug|Any CPU
		{3A537FDB-D609-459A-902A-63838E9D707C}.Debug|x64.Build.0 = Debug|Any CPU
		{3A537FDB-D609-459A-902A-63838E9D707C}.Debug|x86.ActiveCfg = Debug|Any CPU
		{3A537FDB-D609-459A-902A-63838E9D707C}.Debug|x86.Build.0 = Debug|Any CPU
		{3A537FDB-D609-459A-902A-63838E9D707C}.Release|Any CPU.ActiveCfg = Release|Any CPU
		{3A537FDB-D609-459A-902A-63838E9D707C}.Release|Any CPU.Build.0 = Release|Any CPU
		{3A537FDB-D609-459A-902A-63838E9D707C}.Release|x64.ActiveCfg = Release|Any CPU
		{3A537FDB-D609-459A-902A-63838E9D707C}.Release|x64.Build.0 = Release|Any CPU
		{3A537FDB-D609-459A-902A-63838E9D707C}.Release|x86.ActiveCfg = Release|Any CPU
		{3A537FDB-D609-459A-902A-63838E9D707C}.Release|x86.Build.0 = Release|Any CPU
		{6E10E731-4B16-493E-81BF-4963E24A1DA8}.Debug|Any CPU.ActiveCfg = Debug|Any CPU
		{6E10E731-4B16-493E-81BF-4963E24A1DA8}.Debug|Any CPU.Build.0 = Debug|Any CPU
		{6E10E731-4B16-493E-81BF-4963E24A1DA8}.Debug|x64.ActiveCfg = Debug|Any CPU
		{6E10E731-4B16-493E-81BF-4963E24A1DA8}.Debug|x64.Build.0 = Debug|Any CPU
		{6E10E731-4B16-493E-81BF-4963E24A1DA8}.Debug|x86.ActiveCfg = Debug|Any CPU
		{6E10E731-4B16-493E-81BF-4963E24A1DA8}.Debug|x86.Build.0 = Debug|Any CPU
		{6E10E731-4B16-493E-81BF-4963E24A1DA8}.Release|Any CPU.ActiveCfg = Release|Any CPU
		{6E10E731-4B16-493E-81BF-4963E24A1DA8}.Release|Any CPU.Build.0 = Release|Any CPU
		{6E10E731-4B16-493E-81BF-4963E24A1DA8}.Release|x64.ActiveCfg = Release|Any CPU
		{6E10E731-4B16-493E-81BF-4963E24A1DA8}.Release|x64.Build.0 = Release|Any CPU
		{6E10E731-4B16-493E-81BF-4963E24A1DA8}.Release|x86.ActiveCfg = Release|Any CPU
		{6E10E731-4B16-493E-81BF-4963E24A1DA8}.Release|x86.Build.0 = Release|Any CPU
		{81050BF6-4558-4060-A6B8-7B24AC4C8D59}.Debug|Any CPU.ActiveCfg = Debug|Any CPU
		{81050BF6-4558-4060-A6B8-7B24AC4C8D59}.Debug|Any CPU.Build.0 = Debug|Any CPU
		{81050BF6-4558-4060-A6B8-7B24AC4C8D59}.Debug|x64.ActiveCfg = Debug|Any CPU
		{81050BF6-4558-4060-A6B8-7B24AC4C8D59}.Debug|x64.Build.0 = Debug|Any CPU
		{81050BF6-4558-4060-A6B8-7B24AC4C8D59}.Debug|x86.ActiveCfg = Debug|Any CPU
		{81050BF6-4558-4060-A6B8-7B24AC4C8D59}.Debug|x86.Build.0 = Debug|Any CPU
		{81050BF6-4558-4060-A6B8-7B24AC4C8D59}.Release|Any CPU.ActiveCfg = Release|Any CPU
		{81050BF6-4558-4060-A6B8-7B24AC4C8D59}.Release|Any CPU.Build.0 = Release|Any CPU
		{81050BF6-4558-4060-A6B8-7B24AC4C8D59}.Release|x64.ActiveCfg = Release|Any CPU
		{81050BF6-4558-4060-A6B8-7B24AC4C8D59}.Release|x64.Build.0 = Release|Any CPU
		{81050BF6-4558-4060-A6B8-7B24AC4C8D59}.Release|x86.ActiveCfg = Release|Any CPU
		{81050BF6-4558-4060-A6B8-7B24AC4C8D59}.Release|x86.Build.0 = Release|Any CPU
		{331CD993-97F3-480F-AA8D-B4684C6BB530}.Debug|Any CPU.ActiveCfg = Debug|Any CPU
		{331CD993-97F3-480F-AA8D-B4684C6BB530}.Debug|Any CPU.Build.0 = Debug|Any CPU
		{331CD993-97F3-480F-AA8D-B4684C6BB530}.Debug|x64.ActiveCfg = Debug|Any CPU
		{331CD993-97F3-480F-AA8D-B4684C6BB530}.Debug|x64.Build.0 = Debug|Any CPU
		{331CD993-97F3-480F-AA8D-B4684C6BB530}.Debug|x86.ActiveCfg = Debug|Any CPU
		{331CD993-97F3-480F-AA8D-B4684C6BB530}.Debug|x86.Build.0 = Debug|Any CPU
		{331CD993-97F3-480F-AA8D-B4684C6BB530}.Release|Any CPU.ActiveCfg = Release|Any CPU
		{331CD993-97F3-480F-AA8D-B4684C6BB530}.Release|Any CPU.Build.0 = Release|Any CPU
		{331CD993-97F3-480F-AA8D-B4684C6BB530}.Release|x64.ActiveCfg = Release|Any CPU
		{331CD993-97F3-480F-AA8D-B4684C6BB530}.Release|x64.Build.0 = Release|Any CPU
		{331CD993-97F3-480F-AA8D-B4684C6BB530}.Release|x86.ActiveCfg = Release|Any CPU
		{331CD993-97F3-480F-AA8D-B4684C6BB530}.Release|x86.Build.0 = Release|Any CPU
		{218B87B0-B947-44C5-81D8-B65EDD06B44B}.Debug|Any CPU.ActiveCfg = Debug|Any CPU
		{218B87B0-B947-44C5-81D8-B65EDD06B44B}.Debug|Any CPU.Build.0 = Debug|Any CPU
		{218B87B0-B947-44C5-81D8-B65EDD06B44B}.Debug|x64.ActiveCfg = Debug|Any CPU
		{218B87B0-B947-44C5-81D8-B65EDD06B44B}.Debug|x64.Build.0 = Debug|Any CPU
		{218B87B0-B947-44C5-81D8-B65EDD06B44B}.Debug|x86.ActiveCfg = Debug|Any CPU
		{218B87B0-B947-44C5-81D8-B65EDD06B44B}.Debug|x86.Build.0 = Debug|Any CPU
		{218B87B0-B947-44C5-81D8-B65EDD06B44B}.Release|Any CPU.ActiveCfg = Release|Any CPU
		{218B87B0-B947-44C5-81D8-B65EDD06B44B}.Release|Any CPU.Build.0 = Release|Any CPU
		{218B87B0-B947-44C5-81D8-B65EDD06B44B}.Release|x64.ActiveCfg = Release|Any CPU
		{218B87B0-B947-44C5-81D8-B65EDD06B44B}.Release|x64.Build.0 = Release|Any CPU
		{218B87B0-B947-44C5-81D8-B65EDD06B44B}.Release|x86.ActiveCfg = Release|Any CPU
		{218B87B0-B947-44C5-81D8-B65EDD06B44B}.Release|x86.Build.0 = Release|Any CPU
		{7FCB3C55-4054-4559-96F3-F785AA3C8BEF}.Debug|Any CPU.ActiveCfg = Debug|Any CPU
		{7FCB3C55-4054-4559-96F3-F785AA3C8BEF}.Debug|Any CPU.Build.0 = Debug|Any CPU
		{7FCB3C55-4054-4559-96F3-F785AA3C8BEF}.Debug|x64.ActiveCfg = Debug|Any CPU
		{7FCB3C55-4054-4559-96F3-F785AA3C8BEF}.Debug|x64.Build.0 = Debug|Any CPU
		{7FCB3C55-4054-4559-96F3-F785AA3C8BEF}.Debug|x86.ActiveCfg = Debug|Any CPU
		{7FCB3C55-4054-4559-96F3-F785AA3C8BEF}.Debug|x86.Build.0 = Debug|Any CPU
		{7FCB3C55-4054-4559-96F3-F785AA3C8BEF}.Release|Any CPU.ActiveCfg = Release|Any CPU
		{7FCB3C55-4054-4559-96F3-F785AA3C8BEF}.Release|Any CPU.Build.0 = Release|Any CPU
		{7FCB3C55-4054-4559-96F3-F785AA3C8BEF}.Release|x64.ActiveCfg = Release|Any CPU
		{7FCB3C55-4054-4559-96F3-F785AA3C8BEF}.Release|x64.Build.0 = Release|Any CPU
		{7FCB3C55-4054-4559-96F3-F785AA3C8BEF}.Release|x86.ActiveCfg = Release|Any CPU
		{7FCB3C55-4054-4559-96F3-F785AA3C8BEF}.Release|x86.Build.0 = Release|Any CPU
		{EF2F11D7-4EE5-4FFC-8EBD-BA2D027FA726}.Debug|Any CPU.ActiveCfg = Debug|Any CPU
		{EF2F11D7-4EE5-4FFC-8EBD-BA2D027FA726}.Debug|Any CPU.Build.0 = Debug|Any CPU
		{EF2F11D7-4EE5-4FFC-8EBD-BA2D027FA726}.Debug|x64.ActiveCfg = Debug|Any CPU
		{EF2F11D7-4EE5-4FFC-8EBD-BA2D027FA726}.Debug|x64.Build.0 = Debug|Any CPU
		{EF2F11D7-4EE5-4FFC-8EBD-BA2D027FA726}.Debug|x86.ActiveCfg = Debug|Any CPU
		{EF2F11D7-4EE5-4FFC-8EBD-BA2D027FA726}.Debug|x86.Build.0 = Debug|Any CPU
		{EF2F11D7-4EE5-4FFC-8EBD-BA2D027FA726}.Release|Any CPU.ActiveCfg = Release|Any CPU
		{EF2F11D7-4EE5-4FFC-8EBD-BA2D027FA726}.Release|Any CPU.Build.0 = Release|Any CPU
		{EF2F11D7-4EE5-4FFC-8EBD-BA2D027FA726}.Release|x64.ActiveCfg = Release|Any CPU
		{EF2F11D7-4EE5-4FFC-8EBD-BA2D027FA726}.Release|x64.Build.0 = Release|Any CPU
		{EF2F11D7-4EE5-4FFC-8EBD-BA2D027FA726}.Release|x86.ActiveCfg = Release|Any CPU
		{EF2F11D7-4EE5-4FFC-8EBD-BA2D027FA726}.Release|x86.Build.0 = Release|Any CPU
		{532727F4-9A8C-4670-A09C-E73858CCE013}.Debug|Any CPU.ActiveCfg = Debug|Any CPU
		{532727F4-9A8C-4670-A09C-E73858CCE013}.Debug|Any CPU.Build.0 = Debug|Any CPU
		{532727F4-9A8C-4670-A09C-E73858CCE013}.Debug|x64.ActiveCfg = Debug|Any CPU
		{532727F4-9A8C-4670-A09C-E73858CCE013}.Debug|x64.Build.0 = Debug|Any CPU
		{532727F4-9A8C-4670-A09C-E73858CCE013}.Debug|x86.ActiveCfg = Debug|Any CPU
		{532727F4-9A8C-4670-A09C-E73858CCE013}.Debug|x86.Build.0 = Debug|Any CPU
		{532727F4-9A8C-4670-A09C-E73858CCE013}.Release|Any CPU.ActiveCfg = Release|Any CPU
		{532727F4-9A8C-4670-A09C-E73858CCE013}.Release|Any CPU.Build.0 = Release|Any CPU
		{532727F4-9A8C-4670-A09C-E73858CCE013}.Release|x64.ActiveCfg = Release|Any CPU
		{532727F4-9A8C-4670-A09C-E73858CCE013}.Release|x64.Build.0 = Release|Any CPU
		{532727F4-9A8C-4670-A09C-E73858CCE013}.Release|x86.ActiveCfg = Release|Any CPU
		{532727F4-9A8C-4670-A09C-E73858CCE013}.Release|x86.Build.0 = Release|Any CPU
		{F7978009-F48C-481F-9A04-BDD55CF1E053}.Debug|Any CPU.ActiveCfg = Debug|Any CPU
		{F7978009-F48C-481F-9A04-BDD55CF1E053}.Debug|Any CPU.Build.0 = Debug|Any CPU
		{F7978009-F48C-481F-9A04-BDD55CF1E053}.Debug|x64.ActiveCfg = Debug|Any CPU
		{F7978009-F48C-481F-9A04-BDD55CF1E053}.Debug|x64.Build.0 = Debug|Any CPU
		{F7978009-F48C-481F-9A04-BDD55CF1E053}.Debug|x86.ActiveCfg = Debug|Any CPU
		{F7978009-F48C-481F-9A04-BDD55CF1E053}.Debug|x86.Build.0 = Debug|Any CPU
		{F7978009-F48C-481F-9A04-BDD55CF1E053}.Release|Any CPU.ActiveCfg = Release|Any CPU
		{F7978009-F48C-481F-9A04-BDD55CF1E053}.Release|Any CPU.Build.0 = Release|Any CPU
		{F7978009-F48C-481F-9A04-BDD55CF1E053}.Release|x64.ActiveCfg = Release|Any CPU
		{F7978009-F48C-481F-9A04-BDD55CF1E053}.Release|x64.Build.0 = Release|Any CPU
		{F7978009-F48C-481F-9A04-BDD55CF1E053}.Release|x86.ActiveCfg = Release|Any CPU
		{F7978009-F48C-481F-9A04-BDD55CF1E053}.Release|x86.Build.0 = Release|Any CPU
		{589B9A54-543D-4D1A-841C-3F6B8F500EDF}.Debug|Any CPU.ActiveCfg = Debug|Any CPU
		{589B9A54-543D-4D1A-841C-3F6B8F500EDF}.Debug|Any CPU.Build.0 = Debug|Any CPU
		{589B9A54-543D-4D1A-841C-3F6B8F500EDF}.Debug|x64.ActiveCfg = Debug|Any CPU
		{589B9A54-543D-4D1A-841C-3F6B8F500EDF}.Debug|x64.Build.0 = Debug|Any CPU
		{589B9A54-543D-4D1A-841C-3F6B8F500EDF}.Debug|x86.ActiveCfg = Debug|Any CPU
		{589B9A54-543D-4D1A-841C-3F6B8F500EDF}.Debug|x86.Build.0 = Debug|Any CPU
		{589B9A54-543D-4D1A-841C-3F6B8F500EDF}.Release|Any CPU.ActiveCfg = Release|Any CPU
		{589B9A54-543D-4D1A-841C-3F6B8F500EDF}.Release|Any CPU.Build.0 = Release|Any CPU
		{589B9A54-543D-4D1A-841C-3F6B8F500EDF}.Release|x64.ActiveCfg = Release|Any CPU
		{589B9A54-543D-4D1A-841C-3F6B8F500EDF}.Release|x64.Build.0 = Release|Any CPU
		{589B9A54-543D-4D1A-841C-3F6B8F500EDF}.Release|x86.ActiveCfg = Release|Any CPU
		{589B9A54-543D-4D1A-841C-3F6B8F500EDF}.Release|x86.Build.0 = Release|Any CPU
		{DFB0A4AB-A352-4C91-9B3E-4344A6D62619}.Debug|Any CPU.ActiveCfg = Debug|Any CPU
		{DFB0A4AB-A352-4C91-9B3E-4344A6D62619}.Debug|Any CPU.Build.0 = Debug|Any CPU
		{DFB0A4AB-A352-4C91-9B3E-4344A6D62619}.Debug|x64.ActiveCfg = Debug|Any CPU
		{DFB0A4AB-A352-4C91-9B3E-4344A6D62619}.Debug|x64.Build.0 = Debug|Any CPU
		{DFB0A4AB-A352-4C91-9B3E-4344A6D62619}.Debug|x86.ActiveCfg = Debug|Any CPU
		{DFB0A4AB-A352-4C91-9B3E-4344A6D62619}.Debug|x86.Build.0 = Debug|Any CPU
		{DFB0A4AB-A352-4C91-9B3E-4344A6D62619}.Release|Any CPU.ActiveCfg = Release|Any CPU
		{DFB0A4AB-A352-4C91-9B3E-4344A6D62619}.Release|Any CPU.Build.0 = Release|Any CPU
		{DFB0A4AB-A352-4C91-9B3E-4344A6D62619}.Release|x64.ActiveCfg = Release|Any CPU
		{DFB0A4AB-A352-4C91-9B3E-4344A6D62619}.Release|x64.Build.0 = Release|Any CPU
		{DFB0A4AB-A352-4C91-9B3E-4344A6D62619}.Release|x86.ActiveCfg = Release|Any CPU
		{DFB0A4AB-A352-4C91-9B3E-4344A6D62619}.Release|x86.Build.0 = Release|Any CPU
		{0E6413B4-A977-4539-ADBA-4EEA0E6E9DAD}.Debug|Any CPU.ActiveCfg = Debug|Any CPU
		{0E6413B4-A977-4539-ADBA-4EEA0E6E9DAD}.Debug|Any CPU.Build.0 = Debug|Any CPU
		{0E6413B4-A977-4539-ADBA-4EEA0E6E9DAD}.Debug|x64.ActiveCfg = Debug|Any CPU
		{0E6413B4-A977-4539-ADBA-4EEA0E6E9DAD}.Debug|x64.Build.0 = Debug|Any CPU
		{0E6413B4-A977-4539-ADBA-4EEA0E6E9DAD}.Debug|x86.ActiveCfg = Debug|Any CPU
		{0E6413B4-A977-4539-ADBA-4EEA0E6E9DAD}.Debug|x86.Build.0 = Debug|Any CPU
		{0E6413B4-A977-4539-ADBA-4EEA0E6E9DAD}.Release|Any CPU.ActiveCfg = Release|Any CPU
		{0E6413B4-A977-4539-ADBA-4EEA0E6E9DAD}.Release|Any CPU.Build.0 = Release|Any CPU
		{0E6413B4-A977-4539-ADBA-4EEA0E6E9DAD}.Release|x64.ActiveCfg = Release|Any CPU
		{0E6413B4-A977-4539-ADBA-4EEA0E6E9DAD}.Release|x64.Build.0 = Release|Any CPU
		{0E6413B4-A977-4539-ADBA-4EEA0E6E9DAD}.Release|x86.ActiveCfg = Release|Any CPU
		{0E6413B4-A977-4539-ADBA-4EEA0E6E9DAD}.Release|x86.Build.0 = Release|Any CPU
		{797AFD0E-6802-4C03-81B8-4A863B8EF413}.Debug|Any CPU.ActiveCfg = Debug|Any CPU
		{797AFD0E-6802-4C03-81B8-4A863B8EF413}.Debug|Any CPU.Build.0 = Debug|Any CPU
		{797AFD0E-6802-4C03-81B8-4A863B8EF413}.Debug|x64.ActiveCfg = Debug|Any CPU
		{797AFD0E-6802-4C03-81B8-4A863B8EF413}.Debug|x64.Build.0 = Debug|Any CPU
		{797AFD0E-6802-4C03-81B8-4A863B8EF413}.Debug|x86.ActiveCfg = Debug|Any CPU
		{797AFD0E-6802-4C03-81B8-4A863B8EF413}.Debug|x86.Build.0 = Debug|Any CPU
		{797AFD0E-6802-4C03-81B8-4A863B8EF413}.Release|Any CPU.ActiveCfg = Release|Any CPU
		{797AFD0E-6802-4C03-81B8-4A863B8EF413}.Release|Any CPU.Build.0 = Release|Any CPU
		{797AFD0E-6802-4C03-81B8-4A863B8EF413}.Release|x64.ActiveCfg = Release|Any CPU
		{797AFD0E-6802-4C03-81B8-4A863B8EF413}.Release|x64.Build.0 = Release|Any CPU
		{797AFD0E-6802-4C03-81B8-4A863B8EF413}.Release|x86.ActiveCfg = Release|Any CPU
		{797AFD0E-6802-4C03-81B8-4A863B8EF413}.Release|x86.Build.0 = Release|Any CPU
	EndGlobalSection
	GlobalSection(SolutionProperties) = preSolution
		HideSolutionNode = FALSE
	EndGlobalSection
	GlobalSection(NestedProjects) = preSolution
		{718BEA97-1C76-4679-959A-1CFE6343D860} = {1CCE9D3A-75CC-4CE3-A52A-F30C250305B2}
		{E06F2390-5AED-4924-880F-B02F689892F2} = {1CCE9D3A-75CC-4CE3-A52A-F30C250305B2}
		{5B182F77-EC12-48E5-8DEB-A813FB12C1FE} = {1CCE9D3A-75CC-4CE3-A52A-F30C250305B2}
		{51862EB0-076D-4833-9E85-32BC20C9B723} = {5B182F77-EC12-48E5-8DEB-A813FB12C1FE}
		{3A537FDB-D609-459A-902A-63838E9D707C} = {5B182F77-EC12-48E5-8DEB-A813FB12C1FE}
		{F1848E52-4730-4BC2-8E6A-286DC07A5D5E} = {1CCE9D3A-75CC-4CE3-A52A-F30C250305B2}
		{6E10E731-4B16-493E-81BF-4963E24A1DA8} = {F1848E52-4730-4BC2-8E6A-286DC07A5D5E}
		{81050BF6-4558-4060-A6B8-7B24AC4C8D59} = {1CCE9D3A-75CC-4CE3-A52A-F30C250305B2}
		{331CD993-97F3-480F-AA8D-B4684C6BB530} = {E06F2390-5AED-4924-880F-B02F689892F2}
		{218B87B0-B947-44C5-81D8-B65EDD06B44B} = {5B182F77-EC12-48E5-8DEB-A813FB12C1FE}
		{7FCB3C55-4054-4559-96F3-F785AA3C8BEF} = {5B182F77-EC12-48E5-8DEB-A813FB12C1FE}
		{EF2F11D7-4EE5-4FFC-8EBD-BA2D027FA726} = {F1848E52-4730-4BC2-8E6A-286DC07A5D5E}
		{532727F4-9A8C-4670-A09C-E73858CCE013} = {E06F2390-5AED-4924-880F-B02F689892F2}
		{F7978009-F48C-481F-9A04-BDD55CF1E053} = {E06F2390-5AED-4924-880F-B02F689892F2}
		{589B9A54-543D-4D1A-841C-3F6B8F500EDF} = {E06F2390-5AED-4924-880F-B02F689892F2}
		{DFB0A4AB-A352-4C91-9B3E-4344A6D62619} = {1CCE9D3A-75CC-4CE3-A52A-F30C250305B2}
		{BAD50CAE-21CB-46D9-A0AE-8EE36F870FE8} = {C0EFD65E-2B1B-489C-B6F1-C3E700CA9841}
		{47D46994-CEF9-4513-B87E-1C8255661FE5} = {C0EFD65E-2B1B-489C-B6F1-C3E700CA9841}
		{0E6413B4-A977-4539-ADBA-4EEA0E6E9DAD} = {BAD50CAE-21CB-46D9-A0AE-8EE36F870FE8}
		{797AFD0E-6802-4C03-81B8-4A863B8EF413} = {47D46994-CEF9-4513-B87E-1C8255661FE5}
	EndGlobalSection
EndGlobal
